{
  "name": "such-dns-wow",
  "version": "0.1.0",
  "lockfileVersion": 1,
  "requires": true,
  "dependencies": {
    "fast-hosts-lookup": {
      "version": "github:mjethani/fast-hosts-lookup#250382f62f4fc64e2766552d98c8d7bc92b69217",
      "from": "github:mjethani/fast-hosts-lookup#250382f62f4fc64e2766552d98c8d7bc92b69217"
    }
  }
}
